{
  "name": "ssapp-template",
  "version": "1.0.0",
  "lockfileVersion": 1,
  "requires": true,
  "dependencies": {
    "octopus": {
      "version": "git+https://github.com/PrivateSky/octopus.git#2a4f882e5f45ee6689c1df1fe7eb602737261db1",
      "from": "git+https://github.com/PrivateSky/octopus.git#1.0.6"
    }
  }
}
